
Microsoft Visual Studio Solution File, Format Version 12.00
# Visual Studio 15
VisualStudioVersion = 15.0.28307.757
MinimumVisualStudioVersion = 10.0.40219.1
Project("{FAE04EC0-301F-11D3-BF4B-00C04F79EFBC}") = "CallCenterSkills", "CallCenterSkills\CallCenterSkills.csproj", "{C7F503B5-D6E8-419F-B0D3-DDE90F5BB4D1}"
EndProject
Global
	GlobalSection(SolutionConfigurationPlatforms) = preSolution
		Debug|Any CPU = Debug|Any CPU
		Release|Any CPU = Release|Any CPU
	EndGlobalSection
	GlobalSection(ProjectConfigurationPlatforms) = postSolution
		{C7F503B5-D6E8-419F-B0D3-DDE90F5BB4D1}.Debug|Any CPU.ActiveCfg = Debug|Any CPU
		{C7F503B5-D6E8-419F-B0D3-DDE90F5BB4D1}.Debug|Any CPU.Build.0 = Debug|Any CPU
		{C7F503B5-D6E8-419F-B0D3-DDE90F5BB4D1}.Release|Any CPU.ActiveCfg = Release|Any CPU
		{C7F503B5-D6E8-419F-B0D3-DDE90F5BB4D1}.Release|Any CPU.Build.0 = Release|Any CPU
	EndGlobalSection
	GlobalSection(SolutionProperties) = preSolution
		HideSolutionNode = FALSE
	EndGlobalSection
	GlobalSection(ExtensibilityGlobals) = postSolution
		SolutionGuid = {A3ED1A15-C1A0-4D91-941D-DE486D634269}
	EndGlobalSection
EndGlobal
